
Microsoft Visual Studio Solution File, Format Version 12.00
# Visual Studio Version 16
VisualStudioVersion = 16.0.30011.22
MinimumVisualStudioVersion = 10.0.40219.1
Project("{FAE04EC0-301F-11D3-BF4B-00C04F79EFBC}") = "Translate", "Translate\Translate.csproj", "{EA23DD1B-8DCB-4ED6-B5D7-C8242FFA2DB1}"
EndProject
Global
	GlobalSection(SolutionConfigurationPlatforms) = preSolution
		Debug|Any CPU = Debug|Any CPU
		Release|Any CPU = Release|Any CPU
	EndGlobalSection
	GlobalSection(ProjectConfigurationPlatforms) = postSolution
		{EA23DD1B-8DCB-4ED6-B5D7-C8242FFA2DB1}.Debug|Any CPU.ActiveCfg = Debug|Any CPU
		{EA23DD1B-8DCB-4ED6-B5D7-C8242FFA2DB1}.Debug|Any CPU.Build.0 = Debug|Any CPU
		{EA23DD1B-8DCB-4ED6-B5D7-C8242FFA2DB1}.Release|Any CPU.ActiveCfg = Release|Any CPU
		{EA23DD1B-8DCB-4ED6-B5D7-C8242FFA2DB1}.Release|Any CPU.Build.0 = Release|Any CPU
	EndGlobalSection
	GlobalSection(SolutionProperties) = preSolution
		HideSolutionNode = FALSE
	EndGlobalSection
	GlobalSection(ExtensibilityGlobals) = postSolution
		SolutionGuid = {E273E6B4-FBA6-46C1-965D-46E4D5F36CB8}
	EndGlobalSection
EndGlobal
